
Microsoft Visual Studio Solution File, Format Version 12.00
# Visual Studio Version 16
VisualStudioVersion = 16.0.29215.179
MinimumVisualStudioVersion = 10.0.40219.1
Project("{FAE04EC0-301F-11D3-BF4B-00C04F79EFBC}") = "Prototipo2P", "Prototipo2P\Prototipo2P.csproj", "{704016B9-CAB4-48AC-8EE7-9FB5F3E1CD33}"
EndProject
Global
	GlobalSection(SolutionConfigurationPlatforms) = preSolution
		Debug|Any CPU = Debug|Any CPU
		Release|Any CPU = Release|Any CPU
	EndGlobalSection
	GlobalSection(ProjectConfigurationPlatforms) = postSolution
		{704016B9-CAB4-48AC-8EE7-9FB5F3E1CD33}.Debug|Any CPU.ActiveCfg = Debug|Any CPU
		{704016B9-CAB4-48AC-8EE7-9FB5F3E1CD33}.Debug|Any CPU.Build.0 = Debug|Any CPU
		{704016B9-CAB4-48AC-8EE7-9FB5F3E1CD33}.Release|Any CPU.ActiveCfg = Release|Any CPU
		{704016B9-CAB4-48AC-8EE7-9FB5F3E1CD33}.Release|Any CPU.Build.0 = Release|Any CPU
	EndGlobalSection
	GlobalSection(SolutionProperties) = preSolution
		HideSolutionNode = FALSE
	EndGlobalSection
	GlobalSection(ExtensibilityGlobals) = postSolution
		SolutionGuid = {FB807B76-2CBD-40A9-9D81-FB4117C1E8AC}
	EndGlobalSection
EndGlobal
